{
  "name": "mongoose-populate",
  "version": "1.0.0",
  "lockfileVersion": 1,
  "requires": true,
  "dependencies": {
    "bl": {
      "version": "2.2.0",
      "resolved": "https://registry.npm.taobao.org/bl/download/bl-2.2.0.tgz",
      "integrity": "sha1-4aV0zfUo5AUwGbuACwQcCsiNpJM=",
      "requires": {
        "readable-stream": "^2.3.5",
        "safe-buffer": "^5.1.1"
      }
    },
    "bluebird": {
      "version": "3.5.1",
      "resolved": "https://registry.npm.taobao.org/bluebird/download/bluebird-3.5.1.tgz?cache=0&sync_timestamp=1587903555262&other_urls=https%3A%2F%2Fregistry.npm.taobao.org%2Fbluebird%2Fdownload%2Fbluebird-3.5.1.tgz",
      "integrity": "sha1-2VUfnemPH82h5oPRfukaBgLuLrk="
    },
    "bson": {
      "version": "1.1.5",
      "resolved": "https://registry.npm.taobao.org/bson/download/bson-1.1.5.tgz",
      "integrity": "sha1-Kqrpj832dQwISLDLod3sPHMGCjQ="
    },
    "core-util-is": {
      "version": "1.0.2",
      "resolved": "https://registry.npm.taobao.org/core-util-is/download/core-util-is-1.0.2.tgz",
      "integrity": "sha1-tf1UIgqivFq1eqtxQMlAdUUDwac="
    },
    "debug": {
      "version": "3.1.0",
      "resolved": "https://registry.npm.taobao.org/debug/download/debug-3.1.0.tgz?cache=0&sync_timestamp=1589881689076&other_urls=https%3A%2F%2Fregistry.npm.taobao.org%2Fdebug%2Fdownload%2Fdebug-3.1.0.tgz",
      "integrity": "sha1-W7WgZyYotkFJVmuhaBnmFRjGcmE=",
      "requires": {
        "ms": "2.0.0"
      },
      "dependencies": {
        "ms": {
          "version": "2.0.0",
          "resolved": "https://registry.npm.taobao.org/ms/download/ms-2.0.0.tgz",
          "integrity": "sha1-VgiurfwAvmwpAd9fmGF4jeDVl8g="
        }
      }
    },
    "denque": {
      "version": "1.4.1",
      "resolved": "https://registry.npm.taobao.org/denque/download/denque-1.4.1.tgz",
      "integrity": "sha1-Z0T/dkHBSMP4ppwwflEjXB9KN88="
    },
    "inherits": {
      "version": "2.0.4",
      "resolved": "https://registry.npm.taobao.org/inherits/download/inherits-2.0.4.tgz",
      "integrity": "sha1-D6LGT5MpF8NDOg3tVTY6rjdBa3w="
    },
    "isarray": {
      "version": "1.0.0",
      "resolved": "https://registry.npm.taobao.org/isarray/download/isarray-1.0.0.tgz",
      "integrity": "sha1-u5NdSFgsuhaMBoNJV6VKPgcSTxE="
    },
    "kareem": {
      "version": "2.3.1",
      "resolved": "https://registry.npm.taobao.org/kareem/download/kareem-2.3.1.tgz",
      "integrity": "sha1-3vEtnJQQF/q/sA+HOvlenJnhvoc="
    },
    "memory-pager": {
      "version": "1.5.0",
      "resolved": "https://registry.npm.taobao.org/memory-pager/download/memory-pager-1.5.0.tgz",
      "integrity": "sha1-2HUWVdItOEaCdByXLyw9bfo+ZrU=",
      "optional": true
    },
    "mongodb": {
      "version": "3.6.0",
      "resolved": "https://registry.npm.taobao.org/mongodb/download/mongodb-3.6.0.tgz?cache=0&sync_timestamp=1596133168879&other_urls=https%3A%2F%2Fregistry.npm.taobao.org%2Fmongodb%2Fdownload%2Fmongodb-3.6.0.tgz",
      "integrity": "sha1-ur1xcuxxfi7T+F4Hmz8aop3ORyQ=",
      "requires": {
        "bl": "^2.2.0",
        "bson": "^1.1.4",
        "denque": "^1.4.1",
        "require_optional": "^1.0.1",
        "safe-buffer": "^5.1.2",
        "saslprep": "^1.0.0"
      }
    },
    "mongoose": {
      "version": "5.10.0",
      "resolved": "https://registry.npm.taobao.org/mongoose/download/mongoose-5.10.0.tgz?cache=0&sync_timestamp=1597422032854&other_urls=https%3A%2F%2Fregistry.npm.taobao.org%2Fmongoose%2Fdownload%2Fmongoose-5.10.0.tgz",
      "integrity": "sha1-BaNfWj2EhWE8mYiuuVSChalwg/c=",
      "requires": {
        "bson": "^1.1.4",
        "kareem": "2.3.1",
        "mongodb": "3.6.0",
        "mongoose-legacy-pluralize": "1.0.2",
        "mpath": "0.7.0",
        "mquery": "3.2.2",
        "ms": "2.1.2",
        "regexp-clone": "1.0.0",
        "safe-buffer": "5.2.1",
        "sift": "7.0.1",
        "sliced": "1.0.1"
      }
    },
    "mongoose-legacy-pluralize": {
      "version": "1.0.2",
      "resolved": "https://registry.npm.taobao.org/mongoose-legacy-pluralize/download/mongoose-legacy-pluralize-1.0.2.tgz",
      "integrity": "sha1-O6n5H6UHtRhtOZ+0CFS/8Y+1Y+Q="
    },
    "mpath": {
      "version": "0.7.0",
      "resolved": "https://registry.npm.taobao.org/mpath/download/mpath-0.7.0.tgz",
      "integrity": "sha1-IOgQLidrcXCdbgfp+NTQ9kGvv7g="
    },
    "mquery": {
      "version": "3.2.2",
      "resolved": "https://registry.npm.taobao.org/mquery/download/mquery-3.2.2.tgz",
      "integrity": "sha1-4Tg6OVGFLOI+N/YZqbNQ8fs2ZOc=",
      "requires": {
        "bluebird": "3.5.1",
        "debug": "3.1.0",
        "regexp-clone": "^1.0.0",
        "safe-buffer": "5.1.2",
        "sliced": "1.0.1"
      },
      "dependencies": {
        "safe-buffer": {
          "version": "5.1.2",
          "resolved": "https://registry.npm.taobao.org/safe-buffer/download/safe-buffer-5.1.2.tgz?cache=0&sync_timestamp=1589129103371&other_urls=https%3A%2F%2Fregistry.npm.taobao.org%2Fsafe-buffer%2Fdownload%2Fsafe-buffer-5.1.2.tgz",
          "integrity": "sha1-mR7GnSluAxN0fVm9/St0XDX4go0="
        }
      }
    },
    "ms": {
      "version": "2.1.2",
      "resolved": "https://registry.npm.taobao.org/ms/download/ms-2.1.2.tgz",
      "integrity": "sha1-0J0fNXtEP0kzgqjrPM0YOHKuYAk="
    },
    "process-nextick-args": {
      "version": "2.0.1",
      "resolved": "https://registry.npm.taobao.org/process-nextick-args/download/process-nextick-args-2.0.1.tgz",
      "integrity": "sha1-eCDZsWEgzFXKmud5JoCufbptf+I="
    },
    "readable-stream": {
      "version": "2.3.7",
      "resolved": "https://registry.npm.taobao.org/readable-stream/download/readable-stream-2.3.7.tgz",
      "integrity": "sha1-Hsoc9xGu+BTAT2IlKjamL2yyO1c=",
      "requires": {
        "core-util-is": "~1.0.0",
        "inherits": "~2.0.3",
        "isarray": "~1.0.0",
        "process-nextick-args": "~2.0.0",
        "safe-buffer": "~5.1.1",
        "string_decoder": "~1.1.1",
        "util-deprecate": "~1.0.1"
      },
      "dependencies": {
        "safe-buffer": {
          "version": "5.1.2",
          "resolved": "https://registry.npm.taobao.org/safe-buffer/download/safe-buffer-5.1.2.tgz?cache=0&sync_timestamp=1589129103371&other_urls=https%3A%2F%2Fregistry.npm.taobao.org%2Fsafe-buffer%2Fdownload%2Fsafe-buffer-5.1.2.tgz",
          "integrity": "sha1-mR7GnSluAxN0fVm9/St0XDX4go0="
        }
      }
    },
    "regexp-clone": {
      "version": "1.0.0",
      "resolved": "https://registry.npm.taobao.org/regexp-clone/download/regexp-clone-1.0.0.tgz",
      "integrity": "sha1-Ii25Z2IydwViYLmSYmNUoEzpv2M="
    },
    "require_optional": {
      "version": "1.0.1",
      "resolved": "https://registry.npm.taobao.org/require_optional/download/require_optional-1.0.1.tgz",
      "integrity": "sha1-TPNaQkf2TKPfjC7yCMxJSxyo/C4=",
      "requires": {
        "resolve-from": "^2.0.0",
        "semver": "^5.1.0"
      }
    },
    "resolve-from": {
      "version": "2.0.0",
      "resolved": "https://registry.npm.taobao.org/resolve-from/download/resolve-from-2.0.0.tgz",
      "integrity": "sha1-lICrIOlP+h2egKgEx+oUdhGWa1c="
    },
    "safe-buffer": {
      "version": "5.2.1",
      "resolved": "https://registry.npm.taobao.org/safe-buffer/download/safe-buffer-5.2.1.tgz?cache=0&sync_timestamp=1589129103371&other_urls=https%3A%2F%2Fregistry.npm.taobao.org%2Fsafe-buffer%2Fdownload%2Fsafe-buffer-5.2.1.tgz",
      "integrity": "sha1-Hq+fqb2x/dTsdfWPnNtOa3gn7sY="
    },
    "saslprep": {
      "version": "1.0.3",
      "resolved": "https://registry.npm.taobao.org/saslprep/download/saslprep-1.0.3.tgz",
      "integrity": "sha1-TAL5RrVs9UKX40e6EJPnrKxM8iY=",
      "optional": true,
      "requires": {
        "sparse-bitfield": "^3.0.3"
      }
    },
    "semver": {
      "version": "5.7.1",
      "resolved": "https://registry.npm.taobao.org/semver/download/semver-5.7.1.tgz?cache=0&sync_timestamp=1587903571112&other_urls=https%3A%2F%2Fregistry.npm.taobao.org%2Fsemver%2Fdownload%2Fsemver-5.7.1.tgz",
      "integrity": "sha1-qVT5Ma66UI0we78Gnv8MAclhFvc="
    },
    "sift": {
      "version": "7.0.1",
      "resolved": "https://registry.npm.taobao.org/sift/download/sift-7.0.1.tgz?cache=0&sync_timestamp=1594914132370&other_urls=https%3A%2F%2Fregistry.npm.taobao.org%2Fsift%2Fdownload%2Fsift-7.0.1.tgz",
      "integrity": "sha1-R9YsULFZ0xbxNy+LU/nBDNIaSwg="
    },
    "sliced": {
      "version": "1.0.1",
      "resolved": "https://registry.npm.taobao.org/sliced/download/sliced-1.0.1.tgz",
      "integrity": "sha1-CzpmK10Ewxd7GSa+qCsD+Dei70E="
    },
    "sparse-bitfield": {
      "version": "3.0.3",
      "resolved": "https://registry.npm.taobao.org/sparse-bitfield/download/sparse-bitfield-3.0.3.tgz",
      "integrity": "sha1-/0rm5oZWBWuks+eSqzM004JzyhE=",
      "optional": true,
      "requires": {
        "memory-pager": "^1.0.2"
      }
    },
    "string_decoder": {
      "version": "1.1.1",
      "resolved": "https://registry.npm.taobao.org/string_decoder/download/string_decoder-1.1.1.tgz",
      "integrity": "sha1-nPFhG6YmhdcDCunkujQUnDrwP8g=",
      "requires": {
        "safe-buffer": "~5.1.0"
      },
      "dependencies": {
        "safe-buffer": {
          "version": "5.1.2",
          "resolved": "https://registry.npm.taobao.org/safe-buffer/download/safe-buffer-5.1.2.tgz?cache=0&sync_timestamp=1589129103371&other_urls=https%3A%2F%2Fregistry.npm.taobao.org%2Fsafe-buffer%2Fdownload%2Fsafe-buffer-5.1.2.tgz",
          "integrity": "sha1-mR7GnSluAxN0fVm9/St0XDX4go0="
        }
      }
    },
    "util-deprecate": {
      "version": "1.0.2",
      "resolved": "https://registry.npm.taobao.org/util-deprecate/download/util-deprecate-1.0.2.tgz",
      "integrity": "sha1-RQ1Nyfpw3nMnYvvS1KKJgUGaDM8="
    }
  }
}
